
Microsoft Visual Studio Solution File, Format Version 12.00
# Visual Studio 14
VisualStudioVersion = 14.0.25123.0
MinimumVisualStudioVersion = 10.0.40219.1
Project("{FAE04EC0-301F-11D3-BF4B-00C04F79EFBC}") = "Book_Library", "Book_Library\Book_Library.csproj", "{6EE16528-6087-41B4-BB38-CA13BB773BEF}"
EndProject
Global
	GlobalSection(SolutionConfigurationPlatforms) = preSolution
		Debug|Any CPU = Debug|Any CPU
		Release|Any CPU = Release|Any CPU
	EndGlobalSection
	GlobalSection(ProjectConfigurationPlatforms) = postSolution
		{6EE16528-6087-41B4-BB38-CA13BB773BEF}.Debug|Any CPU.ActiveCfg = Debug|Any CPU
		{6EE16528-6087-41B4-BB38-CA13BB773BEF}.Debug|Any CPU.Build.0 = Debug|Any CPU
		{6EE16528-6087-41B4-BB38-CA13BB773BEF}.Release|Any CPU.ActiveCfg = Release|Any CPU
		{6EE16528-6087-41B4-BB38-CA13BB773BEF}.Release|Any CPU.Build.0 = Release|Any CPU
	EndGlobalSection
	GlobalSection(SolutionProperties) = preSolution
		HideSolutionNode = FALSE
	EndGlobalSection
EndGlobal
